
Microsoft Visual Studio Solution File, Format Version 12.00
# Visual Studio Version 17
VisualStudioVersion = 17.2.32526.322
MinimumVisualStudioVersion = 10.0.40219.1
Project("{FAE04EC0-301F-11D3-BF4B-00C04F79EFBC}") = "HastaneApp", "HastaneApp\HastaneApp.csproj", "{63481419-9C85-465E-A301-B2E3BF68542B}"
EndProject
Global
	GlobalSection(SolutionConfigurationPlatforms) = preSolution
		Debug|Any CPU = Debug|Any CPU
		Release|Any CPU = Release|Any CPU
	EndGlobalSection
	GlobalSection(ProjectConfigurationPlatforms) = postSolution
		{63481419-9C85-465E-A301-B2E3BF68542B}.Debug|Any CPU.ActiveCfg = Debug|Any CPU
		{63481419-9C85-465E-A301-B2E3BF68542B}.Debug|Any CPU.Build.0 = Debug|Any CPU
		{63481419-9C85-465E-A301-B2E3BF68542B}.Release|Any CPU.ActiveCfg = Release|Any CPU
		{63481419-9C85-465E-A301-B2E3BF68542B}.Release|Any CPU.Build.0 = Release|Any CPU
	EndGlobalSection
	GlobalSection(SolutionProperties) = preSolution
		HideSolutionNode = FALSE
	EndGlobalSection
	GlobalSection(ExtensibilityGlobals) = postSolution
		SolutionGuid = {D0018D98-228E-4335-AE22-E83C25B74BFD}
	EndGlobalSection
EndGlobal
